// !$*UTF8*$!
{
	archiveVersion = 1;
	classes = {
	};
	objectVersion = 46;
	objects = {

/* Begin PBXBuildFile section */
		CB46171F1DBE32740066AD96 /* ROGoogleTranslate.podspec in Resources */ = {isa = PBXBuildFile; fileRef = CB46171E1DBE32740066AD96 /* ROGoogleTranslate.podspec */; };
		CB4617211DBE36780066AD96 /* ROGoogleTranslate.swift in Sources */ = {isa = PBXBuildFile; fileRef = CB4617201DBE36780066AD96 /* ROGoogleTranslate.swift */; };
		CBCA3FBD1DB90B850025D8E4 /* AppDelegate.swift in Sources */ = {isa = PBXBuildFile; fileRef = CBCA3FBC1DB90B850025D8E4 /* AppDelegate.swift */; };
		CBCA3FBF1DB90B850025D8E4 /* ViewController.swift in Sources */ = {isa = PBXBuildFile; fileRef = CBCA3FBE1DB90B850025D8E4 /* ViewController.swift */; };
		CBCA3FC21DB90B850025D8E4 /* Main.storyboard in Resources */ = {isa = PBXBuildFile; fileRef = CBCA3FC01DB90B850025D8E4 /* Main.storyboard */; };
		CBCA3FC41DB90B850025D8E4 /* Assets.xcassets in Resources */ = {isa = PBXBuildFile; fileRef = CBCA3FC31DB90B850025D8E4 /* Assets.xcassets */; };
		CBCA3FC71DB90B850025D8E4 /* LaunchScreen.storyboard in Resources */ = {isa = PBXBuildFile; fileRef = CBCA3FC51DB90B850025D8E4 /* LaunchScreen.storyboard */; };
/* End PBXBuildFile section */

/* Begin PBXFileReference section */
		CB46171E1DBE32740066AD96 /* ROGoogleTranslate.podspec */ = {isa = PBXFileReference; fileEncoding = 4; lastKnownFileType = text; path = ROGoogleTranslate.podspec; sourceTree = SOURCE_ROOT; };
		CB4617201DBE36780066AD96 /* ROGoogleTranslate.swift */ = {isa = PBXFileReference; fileEncoding = 4; lastKnownFileType = sourcecode.swift; name = ROGoogleTranslate.swift; path = Source/ROGoogleTranslate.swift; sourceTree = SOURCE_ROOT; };
		CBCA3FB91DB90B850025D8E4 /* ROGoogleTranslate.app */ = {isa = PBXFileReference; explicitFileType = wrapper.application; includeInIndex = 0; path = ROGoogleTranslate.app; sourceTree = BUILT_PRODUCTS_DIR; };
		CBCA3FBC1DB90B850025D8E4 /* AppDelegate.swift */ = {isa = PBXFileReference; lastKnownFileType = sourcecode.swift; path = AppDelegate.swift; sourceTree = "<group>"; };
		CBCA3FBE1DB90B850025D8E4 /* ViewController.swift */ = {isa = PBXFileReference; lastKnownFileType = sourcecode.swift; path = ViewController.swift; sourceTree = "<group>"; };
		CBCA3FC11DB90B850025D8E4 /* Base */ = {isa = PBXFileReference; lastKnownFileType = file.storyboard; name = Base; path = Base.lproj/Main.storyboard; sourceTree = "<group>"; };
		CBCA3FC31DB90B850025D8E4 /* Assets.xcassets */ = {isa = PBXFileReference; lastKnownFileType = folder.assetcatalog; path = Assets.xcassets; sourceTree = "<group>"; };
		CBCA3FC61DB90B850025D8E4 /* Base */ = {isa = PBXFileReference; lastKnownFileType = file.storyboard; name = Base; path = Base.lproj/LaunchScreen.storyboard; sourceTree = "<group>"; };
		CBCA3FC81DB90B850025D8E4 /* Info.plist */ = {isa = PBXFileReference; lastKnownFileType = text.plist.xml; path = Info.plist; sourceTree = "<group>"; };
/* End PBXFileReference section */

/* Begin PBXFrameworksBuildPhase section */
		CBCA3FB61DB90B850025D8E4 /* Frameworks */ = {
			isa = PBXFrameworksBuildPhase;
			buildActionMask = 2147483647;
			files = (
			);
			runOnlyForDeploymentPostprocessing = 0;
		};
/* End PBXFrameworksBuildPhase section */

/* Begin PBXGroup section */
		1E416791BA83938AA0468D1A /* Frameworks */ = {
			isa = PBXGroup;
			children = (
			);
			name = Frameworks;
			sourceTree = "<group>";
		};
		CBCA3FB01DB90B850025D8E4 = {
			isa = PBXGroup;
			children = (
				CBCA3FBB1DB90B850025D8E4 /* ROGoogleTranslate */,
				CBCA3FBA1DB90B850025D8E4 /* Products */,
				1E416791BA83938AA0468D1A /* Frameworks */,
			);
			sourceTree = "<group>";
		};
		CBCA3FBA1DB90B850025D8E4 /* Products */ = {
			isa = PBXGroup;
			children = (
				CBCA3FB91DB90B850025D8E4 /* ROGoogleTranslate.app */,
			);
			name = Products;
			sourceTree = "<group>";
		};
		CBCA3FBB1DB90B850025D8E4 /* ROGoogleTranslate */ = {
			isa = PBXGroup;
			children = (
				CB46171E1DBE32740066AD96 /* ROGoogleTranslate.podspec */,
				CBCA3FCE1DB90B8C0025D8E4 /* Source */,
				CBCA3FBC1DB90B850025D8E4 /* AppDelegate.swift */,
				CBCA3FBE1DB90B850025D8E4 /* ViewController.swift */,
				CBCA3FC01DB90B850025D8E4 /* Main.storyboard */,
				CBCA3FC31DB90B850025D8E4 /* Assets.xcassets */,
				CBCA3FC51DB90B850025D8E4 /* LaunchScreen.storyboard */,
				CBCA3FC81DB90B850025D8E4 /* Info.plist */,
			);
			path = ROGoogleTranslate;
			sourceTree = "<group>";
		};
		CBCA3FCE1DB90B8C0025D8E4 /* Source */ = {
			isa = PBXGroup;
			children = (
				CB4617201DBE36780066AD96 /* ROGoogleTranslate.swift */,
			);
			name = Source;
			sourceTree = "<group>";
		};
/* End PBXGroup section */

/* Begin PBXNativeTarget section */
		CBCA3FB81DB90B850025D8E4 /* ROGoogleTranslate */ = {
			isa = PBXNativeTarget;
			buildConfigurationList = CBCA3FCB1DB90B850025D8E4 /* Build configuration list for PBXNativeTarget "ROGoogleTranslate" */;
			buildPhases = (
				CBCA3FB51DB90B850025D8E4 /* Sources */,
				CBCA3FB61DB90B850025D8E4 /* Frameworks */,
				CBCA3FB71DB90B850025D8E4 /* Resources */,
			);
			buildRules = (
			);
			dependencies = (
			);
			name = ROGoogleTranslate;
			productName = ROGoogleTranslate;
			productReference = CBCA3FB91DB90B850025D8E4 /* ROGoogleTranslate.app */;
			productType = "com.apple.product-type.application";
		};
/* End PBXNativeTarget section */

/* Begin PBXProject section */
		CBCA3FB11DB90B850025D8E4 /* Project object */ = {
			isa = PBXProject;
			attributes = {
				LastSwiftUpdateCheck = 0800;
				LastUpgradeCheck = 0800;
				ORGANIZATIONNAME = prine.ch;
				TargetAttributes = {
					CBCA3FB81DB90B850025D8E4 = {
						CreatedOnToolsVersion = 8.0;
						DevelopmentTeam = 39J9X3JBYC;
						ProvisioningStyle = Automatic;
					};
				};
			};
			buildConfigurationList = CBCA3FB41DB90B850025D8E4 /* Build configuration list for PBXProject "ROGoogleTranslate" */;
			compatibilityVersion = "Xcode 3.2";
			developmentRegion = English;
			hasScannedForEncodings = 0;
			knownRegions = (
				en,
				Base,
			);
			mainGroup = CBCA3FB01DB90B850025D8E4;
			productRefGroup = CBCA3FBA1DB90B850025D8E4 /* Products */;
			projectDirPath = "";
			projectRoot = "";
			targets = (
				CBCA3FB81DB90B850025D8E4 /* ROGoogleTranslate */,
			);
		};
/* End PBXProject section */

/* Begin PBXResourcesBuildPhase section */
		CBCA3FB71DB90B850025D8E4 /* Resources */ = {
			isa = PBXResourcesBuildPhase;
			buildActionMask = 2147483647;
			files = (
				CBCA3FC71DB90B850025D8E4 /* LaunchScreen.storyboard in Resources */,
				CB46171F1DBE32740066AD96 /* ROGoogleTranslate.podspec in Resources */,
				CBCA3FC41DB90B850025D8E4 /* Assets.xcassets in Resources */,
				CBCA3FC21DB90B850025D8E4 /* Main.storyboard in Resources */,
			);
			runOnlyForDeploymentPostprocessing = 0;
		};
/* End PBXResourcesBuildPhase section */

/* Begin PBXSourcesBuildPhase section */
		CBCA3FB51DB90B850025D8E4 /* Sources */ = {
			isa = PBXSourcesBuildPhase;
			buildActionMask = 2147483647;
			files = (
				CBCA3FBF1DB90B850025D8E4 /* ViewController.swift in Sources */,
				CB4617211DBE36780066AD96 /* ROGoogleTranslate.swift in Sources */,
				CBCA3FBD1DB90B850025D8E4 /* AppDelegate.swift in Sources */,
			);
			runOnlyForDeploymentPostprocessing = 0;
		};
/* End PBXSourcesBuildPhase section */

/* Begin PBXVariantGroup section */
		CBCA3FC01DB90B850025D8E4 /* Main.storyboard */ = {
			isa = PBXVariantGroup;
			children = (
				CBCA3FC11DB90B850025D8E4 /* Base */,
			);
			name = Main.storyboard;
			sourceTree = "<group>";
		};
		CBCA3FC51DB90B850025D8E4 /* LaunchScreen.storyboard */ = {
			isa = PBXVariantGroup;
			children = (
				CBCA3FC61DB90B850025D8E4 /* Base */,
			);
			name = LaunchScreen.storyboard;
			sourceTree = "<group>";
		};
/* End PBXVariantGroup section */

/* Begin XCBuildConfiguration section */
		CBCA3FC91DB90B850025D8E4 /* Debug */ = {
			isa = XCBuildConfiguration;
			buildSettings = {
				ALWAYS_SEARCH_USER_PATHS = NO;
				CLANG_ANALYZER_NONNULL = YES;
				CLANG_CXX_LANGUAGE_STANDARD = "gnu++0x";
				CLANG_CXX_LIBRARY = "libc++";
				CLANG_ENABLE_MODULES = YES;
				CLANG_ENABLE_OBJC_ARC = YES;
				CLANG_WARN_BOOL_CONVERSION = YES;
				CLANG_WARN_CONSTANT_CONVERSION = YES;
				CLANG_WARN_DIRECT_OBJC_ISA_USAGE = YES_ERROR;
				CLANG_WARN_DOCUMENTATION_COMMENTS = YES;
				CLANG_WARN_EMPTY_BODY = YES;
				CLANG_WARN_ENUM_CONVERSION = YES;
				CLANG_WARN_INFINITE_RECURSION = YES;
				CLANG_WARN_INT_CONVERSION = YES;
				CLANG_WARN_OBJC_ROOT_CLASS = YES_ERROR;
				CLANG_WARN_SUSPICIOUS_MOVES = YES;
				CLANG_WARN_UNREACHABLE_CODE = YES;
				CLANG_WARN__DUPLICATE_METHOD_MATCH = YES;
				"CODE_SIGN_IDENTITY[sdk=iphoneos*]" = "iPhone Developer";
				COPY_PHASE_STRIP = NO;
				DEBUG_INFORMATION_FORMAT = dwarf;
				ENABLE_STRICT_OBJC_MSGSEND = YES;
				ENABLE_TESTABILITY = YES;
				GCC_C_LANGUAGE_STANDARD = gnu99;
				GCC_DYNAMIC_NO_PIC = NO;
				GCC_NO_COMMON_BLOCKS = YES;
				GCC_OPTIMIZATION_LEVEL = 0;
				GCC_PREPROCESSOR_DEFINITIONS = (
					"DEBUG=1",
					"$(inherited)",
				);
				GCC_WARN_64_TO_32_BIT_CONVERSION = YES;
				GCC_WARN_ABOUT_RETURN_TYPE = YES_ERROR;
				GCC_WARN_UNDECLARED_SELECTOR = YES;
				GCC_WARN_UNINITIALIZED_AUTOS = YES_AGGRESSIVE;
				GCC_WARN_UNUSED_FUNCTION = YES;
				GCC_WARN_UNUSED_VARIABLE = YES;
				IPHONEOS_DEPLOYMENT_TARGET = 10.0;
				MTL_ENABLE_DEBUG_INFO = YES;
				ONLY_ACTIVE_ARCH = YES;
				SDKROOT = iphoneos;
				SWIFT_ACTIVE_COMPILATION_CONDITIONS = DEBUG;
				SWIFT_OPTIMIZATION_LEVEL = "-Onone";
				TARGETED_DEVICE_FAMILY = "1,2";
			};
			name = Debug;
		};
		CBCA3FCA1DB90B850025D8E4 /* Release */ = {
			isa = XCBuildConfiguration;
			buildSettings = {
				ALWAYS_SEARCH_USER_PATHS = NO;
				CLANG_ANALYZER_NONNULL = YES;
				CLANG_CXX_LANGUAGE_STANDARD = "gnu++0x";
				CLANG_CXX_LIBRARY = "libc++";
				CLANG_ENABLE_MODULES = YES;
				CLANG_ENABLE_OBJC_ARC = YES;
				CLANG_WARN_BOOL_CONVERSION = YES;
				CLANG_WARN_CONSTANT_CONVERSION = YES;
				CLANG_WARN_DIRECT_OBJC_ISA_USAGE = YES_ERROR;
				CLANG_WARN_DOCUMENTATION_COMMENTS = YES;
				CLANG_WARN_EMPTY_BODY = YES;
				CLANG_WARN_ENUM_CONVERSION = YES;
				CLANG_WARN_INFINITE_RECURSION = YES;
				CLANG_WARN_INT_CONVERSION = YES;
				CLANG_WARN_OBJC_ROOT_CLASS = YES_ERROR;
				CLANG_WARN_SUSPICIOUS_MOVES = YES;
				CLANG_WARN_UNREACHABLE_CODE = YES;
				CLANG_WARN__DUPLICATE_METHOD_MATCH = YES;
				"CODE_SIGN_IDENTITY[sdk=iphoneos*]" = "iPhone Developer";
				COPY_PHASE_STRIP = NO;
				DEBUG_INFORMATION_FORMAT = "dwarf-with-dsym";
				ENABLE_NS_ASSERTIONS = NO;
				ENABLE_STRICT_OBJC_MSGSEND = YES;
				GCC_C_LANGUAGE_STANDARD = gnu99;
				GCC_NO_COMMON_BLOCKS = YES;
				GCC_WARN_64_TO_32_BIT_CONVERSION = YES;
				GCC_WARN_ABOUT_RETURN_TYPE = YES_ERROR;
				GCC_WARN_UNDECLARED_SELECTOR = YES;
				GCC_WARN_UNINITIALIZED_AUTOS = YES_AGGRESSIVE;
				GCC_WARN_UNUSED_FUNCTION = YES;
				GCC_WARN_UNUSED_VARIABLE = YES;
				IPHONEOS_DEPLOYMENT_TARGET = 10.0;
				MTL_ENABLE_DEBUG_INFO = NO;
				SDKROOT = iphoneos;
				SWIFT_OPTIMIZATION_LEVEL = "-Owholemodule";
				TARGETED_DEVICE_FAMILY = "1,2";
				VALIDATE_PRODUCT = YES;
			};
			name = Release;
		};
		CBCA3FCC1DB90B850025D8E4 /* Debug */ = {
			isa = XCBuildConfiguration;
			buildSettings = {
				ASSETCATALOG_COMPILER_APPICON_NAME = AppIcon;
				DEVELOPMENT_TEAM = 39J9X3JBYC;
				INFOPLIST_FILE = ROGoogleTranslate/Info.plist;
				LD_RUNPATH_SEARCH_PATHS = "$(inherited) @executable_path/Frameworks";
				PRODUCT_BUNDLE_IDENTIFIER = ch.prine.ROGoogleTranslate;
				PRODUCT_NAME = "$(TARGET_NAME)";
				SWIFT_VERSION = 3.0;
			};
			name = Debug;
		};
		CBCA3FCD1DB90B850025D8E4 /* Release */ = {
			isa = XCBuildConfiguration;
			buildSettings = {
				ASSETCATALOG_COMPILER_APPICON_NAME = AppIcon;
				DEVELOPMENT_TEAM = 39J9X3JBYC;
				INFOPLIST_FILE = ROGoogleTranslate/Info.plist;
				LD_RUNPATH_SEARCH_PATHS = "$(inherited) @executable_path/Frameworks";
				PRODUCT_BUNDLE_IDENTIFIER = ch.prine.ROGoogleTranslate;
				PRODUCT_NAME = "$(TARGET_NAME)";
				SWIFT_VERSION = 3.0;
			};
			name = Release;
		};
/* End XCBuildConfiguration section */

/* Begin XCConfigurationList section */
		CBCA3FB41DB90B850025D8E4 /* Build configuration list for PBXProject "ROGoogleTranslate" */ = {
			isa = XCConfigurationList;
			buildConfigurations = (
				CBCA3FC91DB90B850025D8E4 /* Debug */,
				CBCA3FCA1DB90B850025D8E4 /* Release */,
			);
			defaultConfigurationIsVisible = 0;
			defaultConfigurationName = Release;
		};
		CBCA3FCB1DB90B850025D8E4 /* Build configuration list for PBXNativeTarget "ROGoogleTranslate" */ = {
			isa = XCConfigurationList;
			buildConfigurations = (
				CBCA3FCC1DB90B850025D8E4 /* Debug */,
				CBCA3FCD1DB90B850025D8E4 /* Release */,
			);
			defaultConfigurationIsVisible = 0;
			defaultConfigurationName = Release;
		};
/* End XCConfigurationList section */
	};
	rootObject = CBCA3FB11DB90B850025D8E4 /* Project object */;
}
